
Microsoft Visual Studio Solution File, Format Version 12.00
# Visual Studio Version 17
VisualStudioVersion = 17.4.33213.308
MinimumVisualStudioVersion = 10.0.40219.1
Project("{9A19103F-16F7-4668-BE54-9A1E7A4F7556}") = "FootBallClubs", "FootBallClubs\FootBallClubs.csproj", "{A790D91B-ECF2-4DF0-A7EC-FF05EACABC14}"
EndProject
Project("{9A19103F-16F7-4668-BE54-9A1E7A4F7556}") = "FootballClubs.Core", "FootballClubs.Core\FootballClubs.Core.csproj", "{2856B9B2-152B-4D64-A3EE-CB0CB145BC85}"
EndProject
Project("{FAE04EC0-301F-11D3-BF4B-00C04F79EFBC}") = "FootBallClubsWebVersion", "FootBallClubsWebVersion\FootBallClubsWebVersion.csproj", "{9687BA6C-65BE-4B1E-91EA-FC0C9145ED84}"
EndProject
Global
	GlobalSection(SolutionConfigurationPlatforms) = preSolution
		Debug|Any CPU = Debug|Any CPU
		Release|Any CPU = Release|Any CPU
	EndGlobalSection
	GlobalSection(ProjectConfigurationPlatforms) = postSolution
		{A790D91B-ECF2-4DF0-A7EC-FF05EACABC14}.Debug|Any CPU.ActiveCfg = Debug|Any CPU
		{A790D91B-ECF2-4DF0-A7EC-FF05EACABC14}.Debug|Any CPU.Build.0 = Debug|Any CPU
		{A790D91B-ECF2-4DF0-A7EC-FF05EACABC14}.Release|Any CPU.ActiveCfg = Release|Any CPU
		{A790D91B-ECF2-4DF0-A7EC-FF05EACABC14}.Release|Any CPU.Build.0 = Release|Any CPU
		{2856B9B2-152B-4D64-A3EE-CB0CB145BC85}.Debug|Any CPU.ActiveCfg = Debug|Any CPU
		{2856B9B2-152B-4D64-A3EE-CB0CB145BC85}.Debug|Any CPU.Build.0 = Debug|Any CPU
		{2856B9B2-152B-4D64-A3EE-CB0CB145BC85}.Release|Any CPU.ActiveCfg = Release|Any CPU
		{2856B9B2-152B-4D64-A3EE-CB0CB145BC85}.Release|Any CPU.Build.0 = Release|Any CPU
		{9687BA6C-65BE-4B1E-91EA-FC0C9145ED84}.Debug|Any CPU.ActiveCfg = Debug|Any CPU
		{9687BA6C-65BE-4B1E-91EA-FC0C9145ED84}.Debug|Any CPU.Build.0 = Debug|Any CPU
		{9687BA6C-65BE-4B1E-91EA-FC0C9145ED84}.Release|Any CPU.ActiveCfg = Release|Any CPU
		{9687BA6C-65BE-4B1E-91EA-FC0C9145ED84}.Release|Any CPU.Build.0 = Release|Any CPU
	EndGlobalSection
	GlobalSection(SolutionProperties) = preSolution
		HideSolutionNode = FALSE
	EndGlobalSection
	GlobalSection(ExtensibilityGlobals) = postSolution
		SolutionGuid = {66E30DD4-2D5D-465A-8DCD-5450CC6C05E6}
	EndGlobalSection
EndGlobal
